
Microsoft Visual Studio Solution File, Format Version 12.00
# Visual Studio Version 16
VisualStudioVersion = 16.0.30225.117
MinimumVisualStudioVersion = 10.0.40219.1
Project("{FAE04EC0-301F-11D3-BF4B-00C04F79EFBC}") = "LandmarkAI", "LandmarkAI\LandmarkAI.csproj", "{18AB4A2B-1BB2-411A-BB57-A3ABD47E86D5}"
EndProject
Global
	GlobalSection(SolutionConfigurationPlatforms) = preSolution
		Debug|Any CPU = Debug|Any CPU
		Release|Any CPU = Release|Any CPU
	EndGlobalSection
	GlobalSection(ProjectConfigurationPlatforms) = postSolution
		{18AB4A2B-1BB2-411A-BB57-A3ABD47E86D5}.Debug|Any CPU.ActiveCfg = Debug|Any CPU
		{18AB4A2B-1BB2-411A-BB57-A3ABD47E86D5}.Debug|Any CPU.Build.0 = Debug|Any CPU
		{18AB4A2B-1BB2-411A-BB57-A3ABD47E86D5}.Release|Any CPU.ActiveCfg = Release|Any CPU
		{18AB4A2B-1BB2-411A-BB57-A3ABD47E86D5}.Release|Any CPU.Build.0 = Release|Any CPU
	EndGlobalSection
	GlobalSection(SolutionProperties) = preSolution
		HideSolutionNode = FALSE
	EndGlobalSection
	GlobalSection(ExtensibilityGlobals) = postSolution
		SolutionGuid = {065B3587-AAA4-423E-8003-5C9DE1BA1D97}
	EndGlobalSection
EndGlobal
